# Generated by conda-lock.
# platform: linux-aarch64
# input_hash: 3cb2e9dcdf7acba8e9ad509de8906300952c124526d1b75393782d7b191a6016
@EXPLICIT
https://conda.anaconda.org/conda-forge/linux-aarch64/ca-certificates-2022.12.7-h4fd8a4c_0.conda#2450fbcaf65634e0d071e47e2b8487b4
https://conda.anaconda.org/conda-forge/linux-aarch64/ld_impl_linux-aarch64-2.40-h2d8c526_0.conda#16246d69e945d0b1969a6099e7c5d457
https://conda.anaconda.org/conda-forge/linux-aarch64/libgfortran5-12.2.0-hf695500_19.tar.bz2#bc890809e1f807b51bf04dfbee70ddf5
https://conda.anaconda.org/conda-forge/linux-aarch64/libgomp-12.2.0-h607ecd0_19.tar.bz2#65b9cb876525dcb2e74a90cf02c6762a
https://conda.anaconda.org/conda-forge/linux-aarch64/libstdcxx-ng-12.2.0-hc13a102_19.tar.bz2#981741cd4321edd5c504b48f74fe91f2
https://conda.anaconda.org/conda-forge/linux-aarch64/python_abi-3.9-3_cp39.conda#b6f330b045cf3425945d536a6b5cd240
https://conda.anaconda.org/conda-forge/noarch/tzdata-2023c-h71feb2d_0.conda#939e3e74d8be4dac89ce83b20de2492a
https://conda.anaconda.org/conda-forge/linux-aarch64/_openmp_mutex-4.5-2_gnu.tar.bz2#6168d71addc746e8f2b8d57dfd2edcea
https://conda.anaconda.org/conda-forge/linux-aarch64/libgfortran-ng-12.2.0-he9431aa_19.tar.bz2#b5b34211bbf681bd3e7a5a4d80cce77b
https://conda.anaconda.org/conda-forge/linux-aarch64/libgcc-ng-12.2.0-h607ecd0_19.tar.bz2#8456a29b6d9fc3123ccb9a966b6b2c49
https://conda.anaconda.org/conda-forge/linux-aarch64/aws-c-common-0.8.14-hb4cce97_0.conda#ecf2083c7a767cdc8ef687c54e648900
https://conda.anaconda.org/conda-forge/linux-aarch64/bzip2-1.0.8-hf897c2e_4.tar.bz2#2d787570a729e273a4e75775ddf3348a
https://conda.anaconda.org/conda-forge/linux-aarch64/c-ares-1.18.1-hf897c2e_0.tar.bz2#12c54b174dd7c6a9331e729d24c39515
https://conda.anaconda.org/conda-forge/linux-aarch64/gettext-0.21.1-ha18d298_0.tar.bz2#b109f1a4d22966793d61fd7f75b744c3
https://conda.anaconda.org/conda-forge/linux-aarch64/gflags-2.2.2-h54f1f3f_1004.tar.bz2#f286d3464cc8d467c92e4f17990c98c1
https://conda.anaconda.org/conda-forge/linux-aarch64/keyutils-1.6.1-h4e544f5_0.tar.bz2#1f24853e59c68892452ef94ddd8afd4b
https://conda.anaconda.org/conda-forge/linux-aarch64/lerc-4.0.0-h4de3ea5_0.tar.bz2#1a0ffc65e03ce81559dbcb0695ad1476
https://conda.anaconda.org/conda-forge/linux-aarch64/libabseil-20230125.0-cxx17_hd600fc2_1.conda#b11375bcf47060b6776ebeac27a74d4a
https://conda.anaconda.org/conda-forge/linux-aarch64/libbrotlicommon-1.0.9-h4e544f5_8.tar.bz2#3cedc3935cfaa2a5303daa25fb12cb1d
https://conda.anaconda.org/conda-forge/linux-aarch64/libcrc32c-1.1.2-h01db608_0.tar.bz2#268ee639c17ada0002fb04dd21816cc2
https://conda.anaconda.org/conda-forge/linux-aarch64/libdeflate-1.18-hb4cce97_0.conda#e0d520842c0ae66b560cc65f9b96f658
https://conda.anaconda.org/conda-forge/linux-aarch64/libev-4.33-h516909a_1.tar.bz2#9eac5901791494108c9b9ab85ca8aa93
https://conda.anaconda.org/conda-forge/linux-aarch64/libexpat-2.5.0-hd600fc2_1.conda#6cd3d0a28437b3845c260f9d71d434d7
https://conda.anaconda.org/conda-forge/linux-aarch64/libffi-3.4.2-h3557bc0_5.tar.bz2#dddd85f4d52121fab0a8b099c5e06501
https://conda.anaconda.org/conda-forge/linux-aarch64/libiconv-1.17-h9cdd2b7_0.tar.bz2#efc27cfbc82a027f65c02c661832ecfc
https://conda.anaconda.org/conda-forge/linux-aarch64/libjpeg-turbo-2.1.5.1-hb4cce97_0.conda#89a30f83837239a008593afb78d210f2
https://conda.anaconda.org/conda-forge/linux-aarch64/libnsl-2.0.0-hf897c2e_0.tar.bz2#36fdbc05c9d9145ece86f5a63c3f352e
https://conda.anaconda.org/conda-forge/linux-aarch64/libnuma-2.0.16-hb4cce97_1.conda#a63d3c8b8384e64056a8c4bfd80edbdd
https://conda.anaconda.org/conda-forge/linux-aarch64/libopenblas-0.3.21-pthreads_h6cb6f83_3.tar.bz2#bc66302748a788c3bce59999ed6d737d
https://conda.anaconda.org/conda-forge/linux-aarch64/libsodium-1.0.18-hb9de7d4_1.tar.bz2#d09ab3c60eebb6f14eb4d07e172775cc
https://conda.anaconda.org/conda-forge/linux-aarch64/libutf8proc-2.8.0-h4e544f5_0.tar.bz2#bf0defbd8ac06270fb5ec05c85fb3c96
https://conda.anaconda.org/conda-forge/linux-aarch64/libuuid-2.38.1-hb4cce97_0.conda#000e30b09db0b7c775b21695dff30969
https://conda.anaconda.org/conda-forge/linux-aarch64/libwebp-base-1.3.0-hb4cce97_0.conda#53670eaee6d77d9fe60a84f7fd226a4c
https://conda.anaconda.org/conda-forge/linux-aarch64/libzlib-1.2.13-h4e544f5_4.tar.bz2#88596b6277fe6d39f046983aae6044db
https://conda.anaconda.org/conda-forge/linux-aarch64/lz4-c-1.9.4-hd600fc2_0.conda#500145a83ed07ce79c8cef24252f366b
https://conda.anaconda.org/conda-forge/linux-aarch64/ncurses-6.3-headf329_1.tar.bz2#486b68148e121bc8bbadc3cefae4c04f
https://conda.anaconda.org/conda-forge/linux-aarch64/openssl-3.1.0-hb4cce97_0.conda#bee9334d1f911b1e05aee5bfcc82f04b
https://conda.anaconda.org/conda-forge/linux-aarch64/pthread-stubs-0.4-hb9de7d4_1001.tar.bz2#d0183ec6ce0b5aaa3486df25fa5f0ded
https://conda.anaconda.org/conda-forge/linux-aarch64/re2-2023.02.02-hd600fc2_0.conda#a73470b67326b98ca7770644208d42d8
https://conda.anaconda.org/conda-forge/linux-aarch64/sleef-3.5.1-h4f30969_2.tar.bz2#5e648d917d1affccfddbc0de0f807caa
https://conda.anaconda.org/conda-forge/linux-aarch64/snappy-1.1.10-he8610fa_0.conda#11c25e55894bb8207a81a87e6a32b6e7
https://conda.anaconda.org/conda-forge/linux-aarch64/xorg-libxau-1.0.9-h3557bc0_0.tar.bz2#e0c187f5ce240897762bbb89a8a407cc
https://conda.anaconda.org/conda-forge/linux-aarch64/xorg-libxdmcp-1.1.3-h3557bc0_0.tar.bz2#a6c9016ae1ca5c47a3603ed4cd65fedd
https://conda.anaconda.org/conda-forge/linux-aarch64/xz-5.2.6-h9cdd2b7_0.tar.bz2#83baad393a31d59c20b63ba4da6592df
https://conda.anaconda.org/conda-forge/linux-aarch64/yaml-0.2.5-hf897c2e_2.tar.bz2#b853307650cb226731f653aa623936a4
https://conda.anaconda.org/conda-forge/linux-aarch64/aws-c-cal-0.5.21-h88b3680_2.conda#21af4b351402825ff8924e62f5e19d40
https://conda.anaconda.org/conda-forge/linux-aarch64/aws-c-compression-0.2.16-h3e5323e_5.conda#2f5bf2a1c1787f20dc209f219752cdb9
https://conda.anaconda.org/conda-forge/linux-aarch64/aws-c-sdkutils-0.1.8-h3e5323e_0.conda#3d046bfe253759e820f6d15798618d4c
https://conda.anaconda.org/conda-forge/linux-aarch64/aws-checksums-0.1.14-h3e5323e_5.conda#c00b0ebab0f49bd6d1d638a998ba7839
https://conda.anaconda.org/conda-forge/linux-aarch64/expat-2.5.0-hd600fc2_1.conda#6dfca4be3e0080934b1105d009747e98
https://conda.anaconda.org/conda-forge/linux-aarch64/glog-0.6.0-h8ab10f1_0.tar.bz2#9dc55595db8d7947bb253f63bbcec8ca
https://conda.anaconda.org/conda-forge/linux-aarch64/libblas-3.9.0-16_linuxaarch64_openblas.tar.bz2#188f02883567d5b7f96c7aa12e7007c9
https://conda.anaconda.org/conda-forge/linux-aarch64/libbrotlidec-1.0.9-h4e544f5_8.tar.bz2#319956380b383ec9f6a46d585599c028
https://conda.anaconda.org/conda-forge/linux-aarch64/libbrotlienc-1.0.9-h4e544f5_8.tar.bz2#56a0a025208af24e2b43b2bbeee79802
https://conda.anaconda.org/conda-forge/linux-aarch64/libedit-3.1.20191231-he28a2e2_2.tar.bz2#29371161d77933a54fccf1bb66b96529
https://conda.anaconda.org/conda-forge/linux-aarch64/libevent-2.1.10-h4f30969_4.tar.bz2#065e4a53347514845eaabe3ecd33d24f
https://conda.anaconda.org/conda-forge/linux-aarch64/libllvm11-11.1.0-hb2805f8_5.tar.bz2#aff088a1e8b72d922b5970a4ff69ce94
https://conda.anaconda.org/conda-forge/linux-aarch64/libnghttp2-1.52.0-h250e5c5_0.conda#bfacd7a58ed56ff30d9454d32513d8d3
https://conda.anaconda.org/conda-forge/linux-aarch64/libpng-1.6.39-hf9034f9_0.conda#5ec9052384a6ac85e9111e9ac7c5ec4c
https://conda.anaconda.org/conda-forge/linux-aarch64/libprotobuf-3.21.12-h7fe2111_0.conda#02e295b58b0533b9da10628de3b5c4f6
https://conda.anaconda.org/conda-forge/linux-aarch64/libsqlite-3.40.0-hf9034f9_0.tar.bz2#9afb0d5dbaa403858a660cd0b4a31d29
https://conda.anaconda.org/conda-forge/linux-aarch64/libssh2-1.10.0-he5a64b1_3.tar.bz2#97a05afae73dc8939078f44732534a47
https://conda.anaconda.org/conda-forge/linux-aarch64/libxcb-1.13-h3557bc0_1004.tar.bz2#cc973f5f452272c397546eac588cddb3
https://conda.anaconda.org/conda-forge/linux-aarch64/pcre2-10.40-he7b27c6_0.tar.bz2#2bb3167087f621daefab01b6a2ddc7f9
https://conda.anaconda.org/conda-forge/linux-aarch64/readline-8.2-h8fc344f_1.conda#105eb1e16bf83bfb2eb380a48032b655
https://conda.anaconda.org/conda-forge/linux-aarch64/s2n-1.3.41-hf55b2d5_0.conda#b044f80bb38a35206ba126700f7d3b46
https://conda.anaconda.org/conda-forge/linux-aarch64/tk-8.6.12-hd8af866_0.tar.bz2#7894e82ff743bd96c76585ddebe28e2a
https://conda.anaconda.org/conda-forge/linux-aarch64/ucx-1.14.0-h8ea8e7f_0.conda#93f3afce6c3d4bc27258aa8b67d613c1
https://conda.anaconda.org/conda-forge/linux-aarch64/zlib-1.2.13-h4e544f5_4.tar.bz2#dc8395f4a79bb0b13ca7d855c72482d4
https://conda.anaconda.org/conda-forge/linux-aarch64/zstd-1.5.2-h44f6412_6.conda#6d0d1cd6d184129eabb96bb220afb5b2
https://conda.anaconda.org/conda-forge/linux-aarch64/aws-c-io-0.13.19-h03629f9_3.conda#8adf28189c79a2849e28025cdcc8fae5
https://conda.anaconda.org/conda-forge/linux-aarch64/brotli-bin-1.0.9-h4e544f5_8.tar.bz2#0980429a0148a53edd0f1f207ec28a39
https://conda.anaconda.org/conda-forge/linux-aarch64/freetype-2.12.1-hbbbf32d_1.conda#e0891290982420d67651589c8584eec3
https://conda.anaconda.org/conda-forge/linux-aarch64/krb5-1.20.1-h113d92e_0.conda#c0ac34c76019d6ebfef2d47a5687459c
https://conda.anaconda.org/conda-forge/linux-aarch64/libcblas-3.9.0-16_linuxaarch64_openblas.tar.bz2#520a3ecbebc63239c27dd6f70c2ababe
https://conda.anaconda.org/conda-forge/linux-aarch64/libglib-2.74.1-h01e6fbd_1.tar.bz2#63004d0c7e9ad74fc2cbb17640089476
https://conda.anaconda.org/conda-forge/linux-aarch64/libgrpc-1.52.1-h86a7dc4_1.conda#dcc56dbce95e54d4ff8604438a6b242d
https://conda.anaconda.org/conda-forge/linux-aarch64/liblapack-3.9.0-16_linuxaarch64_openblas.tar.bz2#62990b2d1efc22d0beb394e893d39541
https://conda.anaconda.org/conda-forge/linux-aarch64/libthrift-0.18.1-h940dc8e_0.conda#5b9b0fdaa1c3ae9a6699b1d2b393d46d
https://conda.anaconda.org/conda-forge/linux-aarch64/libtiff-4.5.0-h536c0eb_6.conda#75a0916176030b99c03ca2ecfe961128
https://conda.anaconda.org/conda-forge/linux-aarch64/orc-1.8.3-h3aebf57_0.conda#b45ae91aa21d2ed954fad6f2c74f4e88
https://conda.anaconda.org/conda-forge/linux-aarch64/python-3.9.16-hb363c5e_0_cpython.conda#0a7ef29549eaef817898062eeeefebd3
https://conda.anaconda.org/conda-forge/noarch/appdirs-1.4.4-pyh9f0ad1d_0.tar.bz2#5f095bc6454094e96f146491fd03633b
https://conda.anaconda.org/conda-forge/linux-aarch64/aws-c-event-stream-0.2.20-hec3d137_4.conda#eb4660a4c04f56594236721e49c88efa
https://conda.anaconda.org/conda-forge/linux-aarch64/aws-c-http-0.7.6-h3e7b6a7_0.conda#16a51dc5325f4e7193dabf3ad8f467db
https://conda.anaconda.org/conda-forge/noarch/blinker-1.5-pyhd8ed1ab_0.tar.bz2#f473c4e32d8180733ba5594d122cb637
https://conda.anaconda.org/conda-forge/linux-aarch64/brotli-1.0.9-h4e544f5_8.tar.bz2#259d82bd990ba225508389509634b157
https://conda.anaconda.org/conda-forge/noarch/cachy-0.3.0-pyhd8ed1ab_1.tar.bz2#5dfee17f24e2dfd18d7392b48c9351e2
https://conda.anaconda.org/conda-forge/noarch/certifi-2022.12.7-pyhd8ed1ab_0.conda#fb9addc3db06e56abe03e0e9f21a63e6
https://conda.anaconda.org/conda-forge/noarch/charset-normalizer-2.1.1-pyhd8ed1ab_0.tar.bz2#c1d5b294fbf9a795dec349a6f4d8be8e
https://conda.anaconda.org/conda-forge/noarch/click-8.1.3-unix_pyhd8ed1ab_2.tar.bz2#20e4087407c7cb04a40817114b333dbf
https://conda.anaconda.org/conda-forge/noarch/cloudpickle-2.2.1-pyhd8ed1ab_0.conda#b325bfc4cff7d7f8a868f1f7ecc4ed16
https://conda.anaconda.org/conda-forge/noarch/colorama-0.4.6-pyhd8ed1ab_0.tar.bz2#3faab06a954c2a04039983f2c4a50d99
https://conda.anaconda.org/conda-forge/noarch/configparser-5.3.0-pyhd8ed1ab_0.tar.bz2#c99fd5916160900dc5ff64204da99c4d
https://conda.anaconda.org/conda-forge/noarch/crashtest-0.4.1-pyhd8ed1ab_0.tar.bz2#709a2295dd907bb34afb57d54320642f
https://conda.anaconda.org/conda-forge/noarch/cycler-0.11.0-pyhd8ed1ab_0.tar.bz2#a50559fad0affdbb33729a68669ca1cb
https://conda.anaconda.org/conda-forge/linux-aarch64/dbus-1.13.6-h12b9eeb_3.tar.bz2#f3d63805602166bac09386741e00935e
https://conda.anaconda.org/conda-forge/noarch/distlib-0.3.6-pyhd8ed1ab_0.tar.bz2#b65b4d50dbd2d50fa0aeac367ec9eed7
https://conda.anaconda.org/conda-forge/noarch/entrypoints-0.4-pyhd8ed1ab_0.tar.bz2#3cf04868fee0a029769bd41f4b2fbf2d
https://conda.anaconda.org/conda-forge/noarch/filelock-3.10.7-pyhd8ed1ab_0.conda#6a0601f92717ce555d79d83d693b6fa3
https://conda.anaconda.org/conda-forge/linux-aarch64/greenlet-2.0.2-py39hdcdd789_0.conda#9c9aa5d7697677a3cd60bc2ddc3faf61
https://conda.anaconda.org/conda-forge/noarch/idna-3.4-pyhd8ed1ab_0.tar.bz2#34272b248891bddccc64479f9a7fffed
https://conda.anaconda.org/conda-forge/noarch/itsdangerous-2.1.2-pyhd8ed1ab_0.tar.bz2#3c3de74912f11d2b590184f03c7cd09b
https://conda.anaconda.org/conda-forge/noarch/jeepney-0.8.0-pyhd8ed1ab_0.tar.bz2#9800ad1699b42612478755a2d26c722d
https://conda.anaconda.org/conda-forge/linux-aarch64/kiwisolver-1.4.4-py39h110580c_1.tar.bz2#9c045502f6ab8c89bfda6be3c389e503
https://conda.anaconda.org/conda-forge/linux-aarch64/lcms2-2.15-h3e0bdec_1.conda#5d6c6a9042e2316cec7410dd085814d1
https://conda.anaconda.org/conda-forge/linux-aarch64/libcurl-7.88.1-h6ad7c7a_1.conda#172d3880ba618438169c0bf3d11b5fee
https://conda.anaconda.org/conda-forge/linux-aarch64/llvmlite-0.39.1-py39hbbff7ca_1.tar.bz2#291e1b2164c18957b9b0230fffadccf2
https://conda.anaconda.org/conda-forge/noarch/lockfile-0.12.2-py_1.tar.bz2#c104d98e09c47519950cffb8dd5b4f10
https://conda.anaconda.org/conda-forge/linux-aarch64/markupsafe-2.1.2-py39h599bc27_0.conda#13af483192015190404fede49f1a306e
https://conda.anaconda.org/conda-forge/noarch/more-itertools-9.1.0-pyhd8ed1ab_0.conda#1698a717f83cfecf644a877c174c84bd
https://conda.anaconda.org/conda-forge/linux-aarch64/msgpack-python-1.0.5-py39hc8fb0a1_0.conda#8741d1a78d300fe74006b3fb875aa85a
https://conda.anaconda.org/conda-forge/noarch/munkres-1.1.4-pyh9f0ad1d_0.tar.bz2#2ba8498c1018c1e9c61eb99b973dfe19
https://conda.anaconda.org/conda-forge/linux-aarch64/numpy-1.23.5-py39hf5a3166_0.conda#1edf973a9f7a53a7cace6bf41f3dd51d
https://conda.anaconda.org/conda-forge/linux-aarch64/openjpeg-2.5.0-h9508984_2.conda#3d56d402a845c243f8c2dd3c8e836029
https://conda.anaconda.org/conda-forge/noarch/packaging-23.0-pyhd8ed1ab_0.conda#1ff2e3ca41f0ce16afec7190db28288b
https://conda.anaconda.org/conda-forge/noarch/pastel-0.2.1-pyhd8ed1ab_0.tar.bz2#a4eea5bff523f26442405bc5d1f52adb
https://conda.anaconda.org/conda-forge/noarch/pkginfo-1.9.6-pyhd8ed1ab_0.conda#be1e9f1c65a1ed0f2ae9352fec99db64
https://conda.anaconda.org/conda-forge/noarch/prometheus_client-0.16.0-pyhd8ed1ab_0.conda#8efaddc1c8b8ce262c4d1a7c6571c799
https://conda.anaconda.org/conda-forge/noarch/pycparser-2.21-pyhd8ed1ab_0.tar.bz2#076becd9e05608f8dc72757d5f3a91ff
https://conda.anaconda.org/conda-forge/noarch/pyjwt-2.6.0-pyhd8ed1ab_0.tar.bz2#56d08bbebf5b3719ca2b1688fcfd98a4
https://conda.anaconda.org/conda-forge/noarch/pylev-1.4.0-pyhd8ed1ab_0.tar.bz2#edf8651c4379d9d1495ad6229622d150
https://conda.anaconda.org/conda-forge/noarch/pyparsing-3.0.9-pyhd8ed1ab_0.tar.bz2#e8fbc1b54b25f4b08281467bc13b70cc
https://conda.anaconda.org/conda-forge/noarch/pysocks-1.7.1-pyha2e5f31_6.tar.bz2#2a7de29fb590ca14b5243c4c812c8025
https://conda.anaconda.org/conda-forge/noarch/pytz-2022.7.1-pyhd8ed1ab_0.conda#f59d49a7b464901cf714b9e7984d01a2
https://conda.anaconda.org/conda-forge/noarch/pywin32-on-windows-0.1.0-pyh1179c8e_3.tar.bz2#2807a0becd1d986fe1ef9b7f8135f215
https://conda.anaconda.org/conda-forge/linux-aarch64/pyyaml-6.0-py39h0fd3b05_5.tar.bz2#eca87d250ba72da233121a1cc75582cc
https://conda.anaconda.org/conda-forge/linux-aarch64/ruamel.yaml.clib-0.2.7-py39h24fc6b6_1.conda#ad937086fe2828084067e5967a4000a4
https://conda.anaconda.org/conda-forge/noarch/setuptools-67.6.1-pyhd8ed1ab_0.conda#6c443cccff3daa3d83b2b807b0a298ce
https://conda.anaconda.org/conda-forge/noarch/six-1.16.0-pyh6c4a22f_0.tar.bz2#e5f25f8dbc060e9a8d912e432202afc2
https://conda.anaconda.org/conda-forge/noarch/slicer-0.0.7-pyhd8ed1ab_0.tar.bz2#9b077f431e8b2fe06d987d450e158dc7
https://conda.anaconda.org/conda-forge/noarch/smmap-3.0.5-pyh44b312d_0.tar.bz2#3a8dc70789709aa315325d5df06fb7e4
https://conda.anaconda.org/conda-forge/noarch/sqlparse-0.4.3-pyhd8ed1ab_0.tar.bz2#d008e81907166f6dacea7e34292e79c6
https://conda.anaconda.org/conda-forge/noarch/tabulate-0.9.0-pyhd8ed1ab_1.tar.bz2#4759805cce2d914c38472f70bf4d8bcb
https://conda.anaconda.org/conda-forge/noarch/threadpoolctl-3.1.0-pyh8a188c0_0.tar.bz2#a2995ee828f65687ac5b1e71a2ab1e0c
https://conda.anaconda.org/conda-forge/noarch/tomli-2.0.1-pyhd8ed1ab_0.tar.bz2#5844808ffab9ebdb694585b50ba02a96
https://conda.anaconda.org/conda-forge/noarch/toolz-0.12.0-pyhd8ed1ab_0.tar.bz2#92facfec94bc02d6ccf42e7173831a36
https://conda.anaconda.org/conda-forge/noarch/typing-3.10.0.0-pyhd8ed1ab_0.tar.bz2#e6573ac68718f17b9d4f5c8eda3190f2
https://conda.anaconda.org/conda-forge/noarch/typing_extensions-4.5.0-pyha770c72_0.conda#43e7d9e50261fb11deb76e17d8431aac
https://conda.anaconda.org/conda-forge/linux-aarch64/unicodedata2-15.0.0-py39h0fd3b05_0.tar.bz2#835f1a9631e600e0176593e95e85f73f
https://conda.anaconda.org/conda-forge/noarch/webencodings-0.5.1-py_1.tar.bz2#3563be4c5611a44210d9ba0c16113136
https://conda.anaconda.org/conda-forge/noarch/websocket-client-1.5.1-pyhd8ed1ab_0.conda#2a914654b9ade742049dab13e29571c6
https://conda.anaconda.org/conda-forge/noarch/wheel-0.40.0-pyhd8ed1ab_0.conda#49bb0d9e60ce1db25e151780331bb5f3
https://conda.anaconda.org/conda-forge/noarch/zipp-3.15.0-pyhd8ed1ab_0.conda#13018819ca8f5b7cc675a8faf1f5fedf
https://conda.anaconda.org/conda-forge/linux-aarch64/aws-c-auth-0.6.26-h7d0ef1e_1.conda#ebf16cc33c31db7455c61c954e1e5fdb
https://conda.anaconda.org/conda-forge/linux-aarch64/aws-c-mqtt-0.8.6-h0cfbda3_12.conda#69372157e1060257cd09d86042dc5c32
https://conda.anaconda.org/conda-forge/linux-aarch64/cffi-1.15.1-py39hb26bf21_3.conda#dee0362c4fde8edce396183fd6390d6e
https://conda.anaconda.org/conda-forge/noarch/click-default-group-1.2.2-pyhd8ed1ab_1.tar.bz2#72a46ffc25701c173932fd55cf0965d3
https://conda.anaconda.org/conda-forge/noarch/clikit-0.6.2-pyhd8ed1ab_2.conda#02abb7b66b02e8b9f5a9b05454400087
https://conda.anaconda.org/conda-forge/linux-aarch64/contourpy-1.0.7-py39hd9a2fea_0.conda#efa783bf5c2b30aba3cf22599fe0274e
https://conda.anaconda.org/conda-forge/linux-aarch64/fonttools-4.39.3-py39h24fc6b6_0.conda#bad2fcc85f041299cbd57f790dac9a94
https://conda.anaconda.org/conda-forge/noarch/gitdb-4.0.10-pyhd8ed1ab_0.conda#3706d2f3d7cb5dae600c833345a76132
https://conda.anaconda.org/conda-forge/linux-aarch64/gunicorn-20.1.0-py39h4420490_3.tar.bz2#e919f00a65c241317b5e95a0c6536bfc
https://conda.anaconda.org/conda-forge/noarch/html5lib-1.1-pyh9f0ad1d_0.tar.bz2#b2355343d6315c892543200231d7154a
https://conda.anaconda.org/conda-forge/noarch/importlib-metadata-6.1.0-pyha770c72_0.conda#30b3127c385ca2ed5ef87f3d53d466bc
https://conda.anaconda.org/conda-forge/noarch/importlib_resources-5.12.0-pyhd8ed1ab_0.conda#e5fd2260a231ee63b6969f4801082f2b
https://conda.anaconda.org/conda-forge/noarch/jaraco.classes-3.2.3-pyhd8ed1ab_0.tar.bz2#31e4a1506968d017229bdb64695013a1
https://conda.anaconda.org/conda-forge/noarch/jinja2-3.1.2-pyhd8ed1ab_1.tar.bz2#c8490ed5c70966d232fdd389d0dbed37
https://conda.anaconda.org/conda-forge/noarch/joblib-1.2.0-pyhd8ed1ab_0.tar.bz2#7583652522d71ad78ba536bba06940eb
https://conda.anaconda.org/conda-forge/linux-aarch64/libgoogle-cloud-2.8.0-hc634a66_1.conda#e3b429dc05458a532b8a6a1dd6128928
https://conda.anaconda.org/conda-forge/linux-aarch64/numba-0.56.4-py39h58e5d4c_0.conda#130b4f8cb477598ca147cc3654189f28
https://conda.anaconda.org/conda-forge/linux-aarch64/pillow-9.4.0-py39h3f802df_2.conda#b3a6f14743d98bde497be57b54c21cce
https://conda.anaconda.org/conda-forge/noarch/pip-23.0.1-pyhd8ed1ab_0.conda#8025ca83b8ba5430b640b83917c2a6f7
https://conda.anaconda.org/conda-forge/linux-aarch64/protobuf-4.21.12-py39hdcdd789_0.conda#8e306d0c333b320262a7201696486a4b
https://conda.anaconda.org/conda-forge/noarch/python-dateutil-2.8.2-pyhd8ed1ab_0.tar.bz2#dd999d1cc9f79e67dbb855c8924c7984
https://conda.anaconda.org/conda-forge/linux-aarch64/pytorch-1.13.1-cpu_py39h29ba9e4_1.conda#54300170feb6f983ecf31386e506d53b
https://conda.anaconda.org/conda-forge/linux-aarch64/ruamel.yaml-0.17.21-py39h24fc6b6_3.conda#513e2c79e634c8438a6c355c0f7f7612
https://conda.anaconda.org/conda-forge/noarch/tomlkit-0.11.7-pyha770c72_0.conda#547d15e217a398578900787bf39ef01d
https://conda.anaconda.org/conda-forge/noarch/tqdm-4.65.0-pyhd8ed1ab_1.conda#ed792aff3acb977d09c7013358097f83
https://conda.anaconda.org/conda-forge/noarch/typing-extensions-4.5.0-hd8ed1ab_0.conda#b3c594fde1a80a1fc3eb9cc4a5dfe392
https://conda.anaconda.org/conda-forge/noarch/werkzeug-2.2.3-pyhd8ed1ab_0.conda#94dea682ba9d8e091e1f46872886fb1f
https://conda.anaconda.org/conda-forge/linux-aarch64/aws-c-s3-0.2.7-h88ffa4c_1.conda#391a3ac40041e8466d160a582b2fe03e
https://conda.anaconda.org/conda-forge/linux-aarch64/bcrypt-3.2.2-py39h0fd3b05_1.tar.bz2#9d8a973cbb292ee3ae5f4ed3d9f9031a
https://conda.anaconda.org/conda-forge/linux-aarch64/brotlipy-0.7.0-py39h0fd3b05_1005.tar.bz2#5d37ef329c084829d3ff5b172a08b8f9
https://conda.anaconda.org/conda-forge/linux-aarch64/cryptography-40.0.1-py39h8a84b6a_0.conda#2fcead7fecfb2fdb94b53dde821a3167
https://conda.anaconda.org/conda-forge/noarch/flask-2.2.3-pyhd8ed1ab_0.conda#917e433886a05676857035483214c70c
https://conda.anaconda.org/conda-forge/noarch/gitpython-3.1.31-pyhd8ed1ab_0.conda#f6e6b482110246a81c3f03e81c68752d
https://conda.anaconda.org/conda-forge/noarch/importlib-resources-5.12.0-pyhd8ed1ab_0.conda#3544c818f0720c89eb16ae6940ab440b
https://conda.anaconda.org/conda-forge/noarch/importlib_metadata-6.1.0-hd8ed1ab_0.conda#90bab1d97fdb6bb40c8e00207bf222dc
https://conda.anaconda.org/conda-forge/noarch/mako-1.2.4-pyhd8ed1ab_0.tar.bz2#0d072f0edc017b6318dbab701e053f94
https://conda.anaconda.org/conda-forge/noarch/markdown-3.4.3-pyhd8ed1ab_0.conda#89ed59ad509c05db6f5f2f573d499bfe
https://conda.anaconda.org/conda-forge/linux-aarch64/pandas-1.5.3-py39h1e1c27f_1.conda#40fc1aee3e89dfc17555651d68872142
https://conda.anaconda.org/conda-forge/noarch/platformdirs-3.2.0-pyhd8ed1ab_0.conda#f10c2cf447ca96f12a326b83c75b8e33
https://conda.anaconda.org/conda-forge/linux-aarch64/pydantic-1.10.7-py39h24fc6b6_0.conda#63003f94d6decc31858cf8caf9321cb3
https://conda.anaconda.org/conda-forge/linux-aarch64/pynacl-1.5.0-py39h0fd3b05_2.tar.bz2#576f57f685c7de6cb06a55e5f0e76a28
https://conda.anaconda.org/conda-forge/linux-aarch64/sqlalchemy-2.0.7-py39h599bc27_0.conda#e2d15c2c6d994c34f8a1067966a0d036
https://conda.anaconda.org/conda-forge/noarch/alembic-1.10.2-pyhd8ed1ab_0.conda#3a8a3c468e5c8511fa25208d102987f5
https://conda.anaconda.org/conda-forge/linux-aarch64/aws-crt-cpp-0.19.8-h5043d5c_12.conda#67c97becbccf53be3a387fac25659d72
https://conda.anaconda.org/conda-forge/linux-aarch64/matplotlib-base-3.7.1-py39h2983639_0.conda#6ca14f00270585ac4ff20b04106817ee
https://conda.anaconda.org/conda-forge/noarch/oauthlib-3.2.2-pyhd8ed1ab_0.tar.bz2#8f882b197fd9c4941a787926baea4868
https://conda.anaconda.org/conda-forge/noarch/paramiko-3.1.0-pyhd8ed1ab_0.conda#748d328d93daa18c35220e251b610b25
https://conda.anaconda.org/conda-forge/noarch/prometheus_flask_exporter-0.22.3-pyhd8ed1ab_0.conda#9a4c9a1c1c44742f3e7c227accf2e145
https://conda.anaconda.org/conda-forge/noarch/pyopenssl-23.1.1-pyhd8ed1ab_0.conda#0b34aa3ab7e7ccb1765a03dd9ed29938
https://conda.anaconda.org/conda-forge/linux-aarch64/secretstorage-3.3.3-py39ha65689a_1.tar.bz2#70dcdaa205b584744c82a872234fdf41
https://conda.anaconda.org/conda-forge/noarch/virtualenv-20.21.0-pyhd8ed1ab_0.conda#cb9a711f7c9f3074fe522e5a34481e60
https://conda.anaconda.org/conda-forge/linux-aarch64/aws-sdk-cpp-1.10.57-hf72bc0d_8.conda#9b5073a8e53e1bcba32bdc3e40f47cc7
https://conda.anaconda.org/conda-forge/linux-aarch64/keyring-23.13.1-py39h4420490_0.conda#4d7b2fc7cdda30b633b9e4e777f8f8ab
https://conda.anaconda.org/conda-forge/noarch/urllib3-1.26.15-pyhd8ed1ab_0.conda#27db656619a55d727eaf5a6ece3d2fd6
https://conda.anaconda.org/conda-forge/linux-aarch64/libarrow-11.0.0-h6f69235_13_cpu.conda#c3a0b40d548e3b3a93725b2b3330fa36
https://conda.anaconda.org/conda-forge/noarch/requests-2.28.2-pyhd8ed1ab_0.conda#11d178fc55199482ee48d6812ea83983
https://conda.anaconda.org/conda-forge/linux-aarch64/arrow-cpp-11.0.0-h8af1aa0_13_cpu.conda#e9c31f9ce31c1be7334a24dbaf749b23
https://conda.anaconda.org/conda-forge/noarch/cachecontrol-0.12.11-pyhd8ed1ab_1.conda#e8f0410e0aa03342304357c5cc3bb75d
https://conda.anaconda.org/conda-forge/noarch/databricks-cli-0.17.6-pyhd8ed1ab_0.conda#4097386a1aceb25dd5e62a114c74f7c7
https://conda.anaconda.org/conda-forge/noarch/docker-py-6.0.0-pyhd8ed1ab_0.tar.bz2#8b0d1b5227ce39053aa69c3ff18417ec
https://conda.anaconda.org/conda-forge/noarch/ensureconda-1.4.3-pyhd8ed1ab_0.tar.bz2#c99ae3abf501990769047b4b40a98f17
https://conda.anaconda.org/conda-forge/noarch/pooch-1.7.0-pyha770c72_3.conda#5936894aade8240c867d292aa0d980c6
https://conda.anaconda.org/conda-forge/noarch/querystring_parser-1.2.4-py_0.tar.bz2#0ebdca9b753c2e082e5b5ad06aa76b41
https://conda.anaconda.org/conda-forge/noarch/cachecontrol-with-filecache-0.12.11-pyhd8ed1ab_1.conda#9df660456c0076d27b802448f7ede78f
https://conda.anaconda.org/conda-forge/noarch/parquet-cpp-1.5.1-2.tar.bz2#79a5f78c42817594ae016a7896521a97
https://conda.anaconda.org/conda-forge/linux-aarch64/scipy-1.10.1-py39hafab3e7_0.conda#d5364063c02425a7faa8aca680bdf146
https://conda.anaconda.org/conda-forge/noarch/conda-lock-1.4.0-pyhd8ed1ab_2.conda#e9ecdfe3e7d4f76d67afd65b02a621a0
https://conda.anaconda.org/conda-forge/linux-aarch64/pyarrow-11.0.0-py39h19c4130_13_cpu.conda#c79414ec580e85814482faf5028de3ea
https://conda.anaconda.org/conda-forge/linux-aarch64/scikit-learn-1.2.2-py39h7035649_1.conda#9abb6e2cba0c1c4d98e6790406e940d1
https://conda.anaconda.org/conda-forge/linux-aarch64/shap-0.41.0-py39h63591b6_0.tar.bz2#5e0f6b0ef0b046c06b8783f5c56e727c
https://conda.anaconda.org/conda-forge/linux-aarch64/mlflow-2.2.2-py39h4b1475f_0.conda#c8e1f4435c75f174478665af9ec98fec
